{
  "pins" : [
    {
      "identity" : "amplitude-ios",
      "kind" : "remoteSourceControl",
      "location" : "https://github.com/amplitude/Amplitude-iOS.git",
      "state" : {
        "revision" : "c48a5937dd2f62a598c054dac79bc73e6116653e",
        "version" : "8.11.0"
      }
    },
    {
      "identity" : "analytics-connector-ios",
      "kind" : "remoteSourceControl",
      "location" : "https://github.com/amplitude/analytics-connector-ios.git",
      "state" : {
        "revision" : "b44981119e2efc0edd1d2e26831c3c4c0e0264e6",
        "version" : "1.0.0"
      }
    },
    {
      "identity" : "braze-ios-sdk",
      "kind" : "remoteSourceControl",
      "location" : "https://github.com/braze-inc/braze-ios-sdk.git",
      "state" : {
        "revision" : "e91cfea12f6e7e9a84afa44fd1f65ac714d2ec9d",
        "version" : "3.34.0"
      }
    },
    {
      "identity" : "sdwebimage",
      "kind" : "remoteSourceControl",
      "location" : "https://github.com/SDWebImage/SDWebImage.git",
      "state" : {
        "revision" : "3e48cb68d8e668d146dc59c73fb98cb628616236",
        "version" : "5.13.2"
      }
    }
  ],
  "version" : 2
}
